{
  "originHash" : "affede26d7f27f1a6aadd8caccba37288702a083599127d57a56a108bdab6f23",
  "pins" : [
    {
      "identity" : "stats-sdk-objc",
      "kind" : "remoteSourceControl",
      "location" : "https://github.com/muxinc/stats-sdk-objc.git",
      "state" : {
        "revision" : "d72b1d40ae9f568d2c6be890c48a17b1ff11c9af",
        "version" : "4.7.1"
      }
    },
    {
      "identity" : "theoplayer-sdk-apple",
      "kind" : "remoteSourceControl",
      "location" : "https://github.com/vicenteerick/theoplayer-sdk-apple",
      "state" : {
        "branch" : "fix/update-swift-compatibility",
        "revision" : "0cc6399e95b97ff06687cf1ceff77c07ff8b64e1"
      }
    }
  ],
  "version" : 3
}
